<?xml version="1.0" encoding="UTF-8"?>
<Scheme
   LastUpgradeVersion = "0600"
   wasCreatedForAppExtension = "YES"
   version = "1.3">
   <BuildAction
      parallelizeBuildables = "YES"
      buildImplicitDependencies = "YES">
      <BuildActionEntries>
         <BuildActionEntry
            buildForTesting = "YES"
            buildForRunning = "YES"
            buildForProfiling = "YES"
            buildForArchiving = "YES"
            buildForAnalyzing = "YES">
            <BuildableReference
               BuildableIdentifier = "primary"
               BlueprintIdentifier = "06A4D3BD19E6B3C7007D332D"
               BuildableName = "STKitWidget.appex"
               BlueprintName = "STKitWidget"
               ReferencedContainer = "container:STKitDemo.xcodeproj">
            </BuildableReference>
         </BuildActionEntry>
         <BuildActionEntry
            buildForTesting = "YES"
            buildForRunning = "YES"
            buildForProfiling = "YES"
            buildForArchiving = "YES"
            buildForAnalyzing = "YES">
            <BuildableReference
               BuildableIdentifier = "primary"
               BlueprintIdentifier = "0602B48E196974150004ACBB"
               BuildableName = "STKitDemo.app"
               BlueprintName = "STKitDemo"
               ReferencedContainer = "container:STKitDemo.xcodeproj">
            </BuildableReference>
         </BuildActionEntry>
      </BuildActionEntries>
   </BuildAction>
   <TestAction
      selectedDebuggerIdentifier = "Xcode.DebuggerFoundation.Debugger.LLDB"
      selectedLauncherIdentifier = "Xcode.DebuggerFoundation.Launcher.LLDB"
      shouldUseLaunchSchemeArgsEnv = "YES"
      buildConfiguration = "Debug">
      <Testables>
      </Testables>
      <MacroExpansion>
         <BuildableReference
            BuildableIdentifier = "primary"
            BlueprintIdentifier = "06A4D3BD19E6B3C7007D332D"
            BuildableName = "STKitWidget.appex"
            BlueprintName = "STKitWidget"
            ReferencedContainer = "container:STKitDemo.xcodeproj">
         </BuildableReference>
      </MacroExpansion>
   </TestAction>
   <LaunchAction
      selectedDebuggerIdentifier = ""
      selectedLauncherIdentifier = "Xcode.IDEFoundation.Launcher.PosixSpawn"
      launchStyle = "0"
      askForAppToLaunch = "Yes"
      useCustomWorkingDirectory = "NO"
      buildConfiguration = "Debug"
      ignoresPersistentStateOnLaunch = "NO"
      debugDocumentVersioning = "YES"
      allowLocationSimulation = "YES">
      <IDERemoteRunnable
         RemotePath = "/Users/Suen/Library/Developer/CoreSimulator/Devices/939194C7-F2CA-419C-991D-3B9B34AAAFA6/data/Containers/Bundle/Application/78060051-F223-4214-9B99-912EF635C683/STKitDemo.app"
         BundleIdentifier = "/Users/Suen/Library/Developer/CoreSimulator/Devices/939194C7-F2CA-419C-991D-3B9B34AAAFA6/data/Containers/Bundle/Application/78060051-F223-4214-9B99-912EF635C683/STKitDemo.app">
      </IDERemoteRunnable>
      <MacroExpansion>
         <BuildableReference
            BuildableIdentifier = "primary"
            BlueprintIdentifier = "0602B48E196974150004ACBB"
            BuildableName = "STKitDemo.app"
            BlueprintName = "STKitDemo"
            ReferencedContainer = "container:STKitDemo.xcodeproj">
         </BuildableReference>
      </MacroExpansion>
      <AdditionalOptions>
      </AdditionalOptions>
   </LaunchAction>
   <ProfileAction
      shouldUseLaunchSchemeArgsEnv = "YES"
      savedToolIdentifier = ""
      useCustomWorkingDirectory = "NO"
      buildConfiguration = "Release"
      debugDocumentVersioning = "YES"
      askForAppToLaunch = "Yes">
      <BuildableProductRunnable>
         <BuildableReference
            BuildableIdentifier = "primary"
            BlueprintIdentifier = "0602B48E196974150004ACBB"
            BuildableName = "STKitDemo.app"
            BlueprintName = "STKitDemo"
            ReferencedContainer = "container:STKitDemo.xcodeproj">
         </BuildableReference>
      </BuildableProductRunnable>
   </ProfileAction>
   <AnalyzeAction
      buildConfiguration = "Debug">
   </AnalyzeAction>
   <ArchiveAction
      buildConfiguration = "Debug"
      revealArchiveInOrganizer = "YES">
   </ArchiveAction>
</Scheme>
